
Microsoft Visual Studio Solution File, Format Version 12.00
# Visual Studio 15
VisualStudioVersion = 15.0.26124.0
MinimumVisualStudioVersion = 15.0.26124.0
Project("{9A19103F-16F7-4668-BE54-9A1E7A4F7556}") = "Udp.Client", "Udp.Client\Udp.Client.csproj", "{CE5556BC-878E-48AE-8022-A665338E69B9}"
EndProject
Project("{9A19103F-16F7-4668-BE54-9A1E7A4F7556}") = "Udp.Server", "Udp.Server\Udp.Server.csproj", "{5A7E1DE0-35BE-4687-8874-C4BA319C3001}"
EndProject
Global
	GlobalSection(SolutionConfigurationPlatforms) = preSolution
		Debug|Any CPU = Debug|Any CPU
		Debug|x64 = Debug|x64
		Debug|x86 = Debug|x86
		Release|Any CPU = Release|Any CPU
		Release|x64 = Release|x64
		Release|x86 = Release|x86
	EndGlobalSection
	GlobalSection(ProjectConfigurationPlatforms) = postSolution
		{CE5556BC-878E-48AE-8022-A665338E69B9}.Debug|Any CPU.ActiveCfg = Debug|Any CPU
		{CE5556BC-878E-48AE-8022-A665338E69B9}.Debug|Any CPU.Build.0 = Debug|Any CPU
		{CE5556BC-878E-48AE-8022-A665338E69B9}.Debug|x64.ActiveCfg = Debug|Any CPU
		{CE5556BC-878E-48AE-8022-A665338E69B9}.Debug|x64.Build.0 = Debug|Any CPU
		{CE5556BC-878E-48AE-8022-A665338E69B9}.Debug|x86.ActiveCfg = Debug|Any CPU
		{CE5556BC-878E-48AE-8022-A665338E69B9}.Debug|x86.Build.0 = Debug|Any CPU
		{CE5556BC-878E-48AE-8022-A665338E69B9}.Release|Any CPU.ActiveCfg = Release|Any CPU
		{CE5556BC-878E-48AE-8022-A665338E69B9}.Release|Any CPU.Build.0 = Release|Any CPU
		{CE5556BC-878E-48AE-8022-A665338E69B9}.Release|x64.ActiveCfg = Release|Any CPU
		{CE5556BC-878E-48AE-8022-A665338E69B9}.Release|x64.Build.0 = Release|Any CPU
		{CE5556BC-878E-48AE-8022-A665338E69B9}.Release|x86.ActiveCfg = Release|Any CPU
		{CE5556BC-878E-48AE-8022-A665338E69B9}.Release|x86.Build.0 = Release|Any CPU
		{5A7E1DE0-35BE-4687-8874-C4BA319C3001}.Debug|Any CPU.ActiveCfg = Debug|Any CPU
		{5A7E1DE0-35BE-4687-8874-C4BA319C3001}.Debug|Any CPU.Build.0 = Debug|Any CPU
		{5A7E1DE0-35BE-4687-8874-C4BA319C3001}.Debug|x64.ActiveCfg = Debug|Any CPU
		{5A7E1DE0-35BE-4687-8874-C4BA319C3001}.Debug|x64.Build.0 = Debug|Any CPU
		{5A7E1DE0-35BE-4687-8874-C4BA319C3001}.Debug|x86.ActiveCfg = Debug|Any CPU
		{5A7E1DE0-35BE-4687-8874-C4BA319C3001}.Debug|x86.Build.0 = Debug|Any CPU
		{5A7E1DE0-35BE-4687-8874-C4BA319C3001}.Release|Any CPU.ActiveCfg = Release|Any CPU
		{5A7E1DE0-35BE-4687-8874-C4BA319C3001}.Release|Any CPU.Build.0 = Release|Any CPU
		{5A7E1DE0-35BE-4687-8874-C4BA319C3001}.Release|x64.ActiveCfg = Release|Any CPU
		{5A7E1DE0-35BE-4687-8874-C4BA319C3001}.Release|x64.Build.0 = Release|Any CPU
		{5A7E1DE0-35BE-4687-8874-C4BA319C3001}.Release|x86.ActiveCfg = Release|Any CPU
		{5A7E1DE0-35BE-4687-8874-C4BA319C3001}.Release|x86.Build.0 = Release|Any CPU
	EndGlobalSection
	GlobalSection(SolutionProperties) = preSolution
		HideSolutionNode = FALSE
	EndGlobalSection
	GlobalSection(ExtensibilityGlobals) = postSolution
		SolutionGuid = {BB647978-CD04-4D17-B7EE-7BA18929D7B1}
	EndGlobalSection
EndGlobal
